
Microsoft Visual Studio Solution File, Format Version 12.00
# Visual Studio Version 17
VisualStudioVersion = 17.3.32804.467
MinimumVisualStudioVersion = 10.0.40219.1
Project("{FAE04EC0-301F-11D3-BF4B-00C04F79EFBC}") = "QuickReviewReports", "QuickReviewReports.csproj", "{28D749BE-1A5B-48EF-9054-DDC8EF599D47}"
EndProject
Global
	GlobalSection(SolutionConfigurationPlatforms) = preSolution
		Debug|Any CPU = Debug|Any CPU
		Release|Any CPU = Release|Any CPU
	EndGlobalSection
	GlobalSection(ProjectConfigurationPlatforms) = postSolution
		{28D749BE-1A5B-48EF-9054-DDC8EF599D47}.Debug|Any CPU.ActiveCfg = Debug|Any CPU
		{28D749BE-1A5B-48EF-9054-DDC8EF599D47}.Debug|Any CPU.Build.0 = Debug|Any CPU
		{28D749BE-1A5B-48EF-9054-DDC8EF599D47}.Release|Any CPU.ActiveCfg = Release|Any CPU
		{28D749BE-1A5B-48EF-9054-DDC8EF599D47}.Release|Any CPU.Build.0 = Release|Any CPU
	EndGlobalSection
	GlobalSection(SolutionProperties) = preSolution
		HideSolutionNode = FALSE
	EndGlobalSection
	GlobalSection(ExtensibilityGlobals) = postSolution
		SolutionGuid = {4A1133C4-A78A-4F8E-B0D3-C6BB7D33195D}
	EndGlobalSection
EndGlobal
